// !$*UTF8*$!
{
	archiveVersion = 1;
	classes = {
	};
	objectVersion = 46;
	objects = {

/* Begin PBXBuildFile section */
		211A9B581E112F5000E689B0 /* Coordinator.m in Sources */ = {isa = PBXBuildFile; fileRef = 211A9B571E112F5000E689B0 /* Coordinator.m */; };
		211A9B591E112F5000E689B0 /* Coordinator.m in Sources */ = {isa = PBXBuildFile; fileRef = 211A9B571E112F5000E689B0 /* Coordinator.m */; };
		211A9B5A1E112F5000E689B0 /* Coordinator.m in Sources */ = {isa = PBXBuildFile; fileRef = 211A9B571E112F5000E689B0 /* Coordinator.m */; };
		2128064C1E0FEC780044D3D4 /* Tetris1-29.json in Resources */ = {isa = PBXBuildFile; fileRef = 2128064B1E0FEC780044D3D4 /* Tetris1-29.json */; };
		212806571E0FEDA40044D3D4 /* GitHubSearchRepositoryViewModel.m in Sources */ = {isa = PBXBuildFile; fileRef = 212806561E0FEDA40044D3D4 /* GitHubSearchRepositoryViewModel.m */; };
		212806581E0FEDA40044D3D4 /* GitHubSearchRepositoryViewModel.m in Sources */ = {isa = PBXBuildFile; fileRef = 212806561E0FEDA40044D3D4 /* GitHubSearchRepositoryViewModel.m */; };
		212806591E0FEDA40044D3D4 /* GitHubSearchRepositoryViewModel.m in Sources */ = {isa = PBXBuildFile; fileRef = 212806561E0FEDA40044D3D4 /* GitHubSearchRepositoryViewModel.m */; };
		217481981E0F319C00A05928 /* GitHubSearchRepositoryItem.m in Sources */ = {isa = PBXBuildFile; fileRef = 217481961E0F319C00A05928 /* GitHubSearchRepositoryItem.m */; };
		217481991E0F319C00A05928 /* GitHubSearchRepositoryItem.m in Sources */ = {isa = PBXBuildFile; fileRef = 217481961E0F319C00A05928 /* GitHubSearchRepositoryItem.m */; };
		2174819A1E0F319C00A05928 /* GitHubSearchRepositoryItem.xib in Resources */ = {isa = PBXBuildFile; fileRef = 217481971E0F319C00A05928 /* GitHubSearchRepositoryItem.xib */; };
		2174819B1E0F319C00A05928 /* GitHubSearchRepositoryItem.xib in Resources */ = {isa = PBXBuildFile; fileRef = 217481971E0F319C00A05928 /* GitHubSearchRepositoryItem.xib */; };
		218AEC641E0EF588005D1600 /* IGListKit.framework in Frameworks */ = {isa = PBXBuildFile; fileRef = 218AEC5F1E0EF550005D1600 /* IGListKit.framework */; };
		218AEC681E0F10A4005D1600 /* GitHubUser.m in Sources */ = {isa = PBXBuildFile; fileRef = 218AEC671E0F10A4005D1600 /* GitHubUser.m */; };
		218AEC691E0F10A4005D1600 /* GitHubUser.m in Sources */ = {isa = PBXBuildFile; fileRef = 218AEC671E0F10A4005D1600 /* GitHubUser.m */; };
		218AEC6A1E0F10A4005D1600 /* GitHubUser.m in Sources */ = {isa = PBXBuildFile; fileRef = 218AEC671E0F10A4005D1600 /* GitHubUser.m */; };
		218AEC6D1E0F1BD8005D1600 /* GitHubRepository.m in Sources */ = {isa = PBXBuildFile; fileRef = 218AEC6C1E0F1BD8005D1600 /* GitHubRepository.m */; };
		218AEC6E1E0F1BD8005D1600 /* GitHubRepository.m in Sources */ = {isa = PBXBuildFile; fileRef = 218AEC6C1E0F1BD8005D1600 /* GitHubRepository.m */; };
		218AEC6F1E0F1BD8005D1600 /* GitHubRepository.m in Sources */ = {isa = PBXBuildFile; fileRef = 218AEC6C1E0F1BD8005D1600 /* GitHubRepository.m */; };
		218C68621E0EC44E00BA844E /* AppDelegate.m in Sources */ = {isa = PBXBuildFile; fileRef = 218C68611E0EC44E00BA844E /* AppDelegate.m */; };
		218C68651E0EC44E00BA844E /* main.m in Sources */ = {isa = PBXBuildFile; fileRef = 218C68641E0EC44E00BA844E /* main.m */; };
		218C68681E0EC44E00BA844E /* GitHubSearchRepositoryVC.m in Sources */ = {isa = PBXBuildFile; fileRef = 218C68671E0EC44E00BA844E /* GitHubSearchRepositoryVC.m */; };
		218C686A1E0EC44E00BA844E /* Assets.xcassets in Resources */ = {isa = PBXBuildFile; fileRef = 218C68691E0EC44E00BA844E /* Assets.xcassets */; };
		218C686D1E0EC44E00BA844E /* Main.storyboard in Resources */ = {isa = PBXBuildFile; fileRef = 218C686B1E0EC44E00BA844E /* Main.storyboard */; };
		218C68781E0EC44E00BA844E /* IGListNetworkSampleTests.m in Sources */ = {isa = PBXBuildFile; fileRef = 218C68771E0EC44E00BA844E /* IGListNetworkSampleTests.m */; };
		218C68831E0EC44E00BA844E /* IGListNetworkSampleUITests.m in Sources */ = {isa = PBXBuildFile; fileRef = 218C68821E0EC44E00BA844E /* IGListNetworkSampleUITests.m */; };
/* End PBXBuildFile section */

/* Begin PBXContainerItemProxy section */
		218AEC561E0EF550005D1600 /* PBXContainerItemProxy */ = {
			isa = PBXContainerItemProxy;
			containerPortal = 218AEC4D1E0EF550005D1600 /* IGListKit.xcodeproj */;
			proxyType = 2;
			remoteGlobalIDString = 887D0B361D870D7E009E01F7;
			remoteInfo = IGListKit;
		};
		218AEC581E0EF550005D1600 /* PBXContainerItemProxy */ = {
			isa = PBXContainerItemProxy;
			containerPortal = 218AEC4D1E0EF550005D1600 /* IGListKit.xcodeproj */;
			proxyType = 2;
			remoteGlobalIDString = 887D0B3F1D870D7F009E01F7;
			remoteInfo = IGListKitTests;
		};
		218AEC5A1E0EF550005D1600 /* PBXContainerItemProxy */ = {
			isa = PBXContainerItemProxy;
			containerPortal = 218AEC4D1E0EF550005D1600 /* IGListKit.xcodeproj */;
			proxyType = 2;
			remoteGlobalIDString = 885FE1D41DC51A0D009CE2B4;
			remoteInfo = "IGListKit-tvOS";
		};
		218AEC5C1E0EF550005D1600 /* PBXContainerItemProxy */ = {
			isa = PBXContainerItemProxy;
			containerPortal = 218AEC4D1E0EF550005D1600 /* IGListKit.xcodeproj */;
			proxyType = 2;
			remoteGlobalIDString = 885FE1DC1DC51A0D009CE2B4;
			remoteInfo = "IGListKit-tvOSTests";
		};
		218AEC5E1E0EF550005D1600 /* PBXContainerItemProxy */ = {
			isa = PBXContainerItemProxy;
			containerPortal = 218AEC4D1E0EF550005D1600 /* IGListKit.xcodeproj */;
			proxyType = 2;
			remoteGlobalIDString = DD3152AC1DE227FA00AC9D2C;
			remoteInfo = "IGListKit-macOS";
		};
		218AEC601E0EF550005D1600 /* PBXContainerItemProxy */ = {
			isa = PBXContainerItemProxy;
			containerPortal = 218AEC4D1E0EF550005D1600 /* IGListKit.xcodeproj */;
			proxyType = 2;
			remoteGlobalIDString = 88DF897C1E010E6A00B1B9B4;
			remoteInfo = "IGListKit-macOSTests";
		};
		218AEC621E0EF56C005D1600 /* PBXContainerItemProxy */ = {
			isa = PBXContainerItemProxy;
			containerPortal = 218AEC4D1E0EF550005D1600 /* IGListKit.xcodeproj */;
			proxyType = 1;
			remoteGlobalIDString = DD3152661DE227FA00AC9D2C;
			remoteInfo = "IGListKit-macOS";
		};
		218C68741E0EC44E00BA844E /* PBXContainerItemProxy */ = {
			isa = PBXContainerItemProxy;
			containerPortal = 218C68551E0EC44E00BA844E /* Project object */;
			proxyType = 1;
			remoteGlobalIDString = 218C685C1E0EC44E00BA844E;
			remoteInfo = IGListNetworkSample;
		};
		218C687F1E0EC44E00BA844E /* PBXContainerItemProxy */ = {
			isa = PBXContainerItemProxy;
			containerPortal = 218C68551E0EC44E00BA844E /* Project object */;
			proxyType = 1;
			remoteGlobalIDString = 218C685C1E0EC44E00BA844E;
			remoteInfo = IGListNetworkSample;
		};
/* End PBXContainerItemProxy section */

/* Begin PBXFileReference section */
		211A9B561E112F5000E689B0 /* Coordinator.h */ = {isa = PBXFileReference; fileEncoding = 4; lastKnownFileType = sourcecode.c.h; name = Coordinator.h; path = Coordinator/Coordinator.h; sourceTree = "<group>"; };
		211A9B571E112F5000E689B0 /* Coordinator.m */ = {isa = PBXFileReference; fileEncoding = 4; lastKnownFileType = sourcecode.c.objc; name = Coordinator.m; path = Coordinator/Coordinator.m; sourceTree = "<group>"; };
		2128064B1E0FEC780044D3D4 /* Tetris1-29.json */ = {isa = PBXFileReference; fileEncoding = 4; lastKnownFileType = text.json; path = "Tetris1-29.json"; sourceTree = "<group>"; };
		212806531E0FED4E0044D3D4 /* IGitHubSearchRepositoryViewModel.h */ = {isa = PBXFileReference; fileEncoding = 4; lastKnownFileType = sourcecode.c.h; name = IGitHubSearchRepositoryViewModel.h; path = ViewModels/IGitHubSearchRepositoryViewModel.h; sourceTree = "<group>"; };
		212806551E0FEDA40044D3D4 /* GitHubSearchRepositoryViewModel.h */ = {isa = PBXFileReference; fileEncoding = 4; lastKnownFileType = sourcecode.c.h; name = GitHubSearchRepositoryViewModel.h; path = ViewModels/GitHubSearchRepositoryViewModel.h; sourceTree = "<group>"; };
		212806561E0FEDA40044D3D4 /* GitHubSearchRepositoryViewModel.m */ = {isa = PBXFileReference; fileEncoding = 4; lastKnownFileType = sourcecode.c.objc; name = GitHubSearchRepositoryViewModel.m; path = ViewModels/GitHubSearchRepositoryViewModel.m; sourceTree = "<group>"; };
		217481951E0F319C00A05928 /* GitHubSearchRepositoryItem.h */ = {isa = PBXFileReference; fileEncoding = 4; lastKnownFileType = sourcecode.c.h; name = GitHubSearchRepositoryItem.h; path = Views/GitHubSearchRepositoryItem.h; sourceTree = "<group>"; };
		217481961E0F319C00A05928 /* GitHubSearchRepositoryItem.m */ = {isa = PBXFileReference; fileEncoding = 4; lastKnownFileType = sourcecode.c.objc; name = GitHubSearchRepositoryItem.m; path = Views/GitHubSearchRepositoryItem.m; sourceTree = "<group>"; };
		217481971E0F319C00A05928 /* GitHubSearchRepositoryItem.xib */ = {isa = PBXFileReference; fileEncoding = 4; lastKnownFileType = file.xib; name = GitHubSearchRepositoryItem.xib; path = Views/GitHubSearchRepositoryItem.xib; sourceTree = "<group>"; };
		218AEC491E0EED7A005D1600 /* Cartfile */ = {isa = PBXFileReference; lastKnownFileType = text; path = Cartfile; sourceTree = "<group>"; };
		218AEC4D1E0EF550005D1600 /* IGListKit.xcodeproj */ = {isa = PBXFileReference; lastKnownFileType = "wrapper.pb-project"; name = IGListKit.xcodeproj; path = IGListKit/IGListKit.xcodeproj; sourceTree = "<group>"; };
		218AEC661E0F10A4005D1600 /* GitHubUser.h */ = {isa = PBXFileReference; fileEncoding = 4; lastKnownFileType = sourcecode.c.h; name = GitHubUser.h; path = Models/GitHubUser.h; sourceTree = "<group>"; };
		218AEC671E0F10A4005D1600 /* GitHubUser.m */ = {isa = PBXFileReference; fileEncoding = 4; lastKnownFileType = sourcecode.c.objc; name = GitHubUser.m; path = Models/GitHubUser.m; sourceTree = "<group>"; };
		218AEC6B1E0F1BD8005D1600 /* GitHubRepository.h */ = {isa = PBXFileReference; fileEncoding = 4; lastKnownFileType = sourcecode.c.h; name = GitHubRepository.h; path = Models/GitHubRepository.h; sourceTree = "<group>"; };
		218AEC6C1E0F1BD8005D1600 /* GitHubRepository.m */ = {isa = PBXFileReference; fileEncoding = 4; lastKnownFileType = sourcecode.c.objc; name = GitHubRepository.m; path = Models/GitHubRepository.m; sourceTree = "<group>"; };
		218C685D1E0EC44E00BA844E /* IGListNetworkSample.app */ = {isa = PBXFileReference; explicitFileType = wrapper.application; includeInIndex = 0; path = IGListNetworkSample.app; sourceTree = BUILT_PRODUCTS_DIR; };
		218C68601E0EC44E00BA844E /* AppDelegate.h */ = {isa = PBXFileReference; lastKnownFileType = sourcecode.c.h; path = AppDelegate.h; sourceTree = "<group>"; };
		218C68611E0EC44E00BA844E /* AppDelegate.m */ = {isa = PBXFileReference; lastKnownFileType = sourcecode.c.objc; path = AppDelegate.m; sourceTree = "<group>"; };
		218C68641E0EC44E00BA844E /* main.m */ = {isa = PBXFileReference; lastKnownFileType = sourcecode.c.objc; path = main.m; sourceTree = "<group>"; };
		218C68661E0EC44E00BA844E /* GitHubSearchRepositoryVC.h */ = {isa = PBXFileReference; lastKnownFileType = sourcecode.c.h; path = GitHubSearchRepositoryVC.h; sourceTree = "<group>"; };
		218C68671E0EC44E00BA844E /* GitHubSearchRepositoryVC.m */ = {isa = PBXFileReference; lastKnownFileType = sourcecode.c.objc; path = GitHubSearchRepositoryVC.m; sourceTree = "<group>"; };
		218C68691E0EC44E00BA844E /* Assets.xcassets */ = {isa = PBXFileReference; lastKnownFileType = folder.assetcatalog; path = Assets.xcassets; sourceTree = "<group>"; };
		218C686C1E0EC44E00BA844E /* Base */ = {isa = PBXFileReference; lastKnownFileType = file.storyboard; name = Base; path = Base.lproj/Main.storyboard; sourceTree = "<group>"; };
		218C686E1E0EC44E00BA844E /* Info.plist */ = {isa = PBXFileReference; lastKnownFileType = text.plist.xml; path = Info.plist; sourceTree = "<group>"; };
		218C68731E0EC44E00BA844E /* IGListNetworkSampleTests.xctest */ = {isa = PBXFileReference; explicitFileType = wrapper.cfbundle; includeInIndex = 0; path = IGListNetworkSampleTests.xctest; sourceTree = BUILT_PRODUCTS_DIR; };
		218C68771E0EC44E00BA844E /* IGListNetworkSampleTests.m */ = {isa = PBXFileReference; lastKnownFileType = sourcecode.c.objc; path = IGListNetworkSampleTests.m; sourceTree = "<group>"; };
		218C68791E0EC44E00BA844E /* Info.plist */ = {isa = PBXFileReference; lastKnownFileType = text.plist.xml; path = Info.plist; sourceTree = "<group>"; };
		218C687E1E0EC44E00BA844E /* IGListNetworkSampleUITests.xctest */ = {isa = PBXFileReference; explicitFileType = wrapper.cfbundle; includeInIndex = 0; path = IGListNetworkSampleUITests.xctest; sourceTree = BUILT_PRODUCTS_DIR; };
		218C68821E0EC44E00BA844E /* IGListNetworkSampleUITests.m */ = {isa = PBXFileReference; lastKnownFileType = sourcecode.c.objc; path = IGListNetworkSampleUITests.m; sourceTree = "<group>"; };
		218C68841E0EC44E00BA844E /* Info.plist */ = {isa = PBXFileReference; lastKnownFileType = text.plist.xml; path = Info.plist; sourceTree = "<group>"; };
		218C68901E0EC97000BA844E /* Podfile */ = {isa = PBXFileReference; lastKnownFileType = text; path = Podfile; sourceTree = "<group>"; };
/* End PBXFileReference section */

/* Begin PBXFrameworksBuildPhase section */
		218C685A1E0EC44E00BA844E /* Frameworks */ = {
			isa = PBXFrameworksBuildPhase;
			buildActionMask = 2147483647;
			files = (
				218AEC641E0EF588005D1600 /* IGListKit.framework in Frameworks */,
			);
			runOnlyForDeploymentPostprocessing = 0;
		};
		218C68701E0EC44E00BA844E /* Frameworks */ = {
			isa = PBXFrameworksBuildPhase;
			buildActionMask = 2147483647;
			files = (
			);
			runOnlyForDeploymentPostprocessing = 0;
		};
		218C687B1E0EC44E00BA844E /* Frameworks */ = {
			isa = PBXFrameworksBuildPhase;
			buildActionMask = 2147483647;
			files = (
			);
			runOnlyForDeploymentPostprocessing = 0;
		};
/* End PBXFrameworksBuildPhase section */

/* Begin PBXGroup section */
		211A9B501E112D4D00E689B0 /* Coordinator */ = {
			isa = PBXGroup;
			children = (
				211A9B561E112F5000E689B0 /* Coordinator.h */,
				211A9B571E112F5000E689B0 /* Coordinator.m */,
			);
			name = Coordinator;
			sourceTree = "<group>";
		};
		212806521E0FECE50044D3D4 /* ViewModels */ = {
			isa = PBXGroup;
			children = (
				212806541E0FED5C0044D3D4 /* GitHubSearchRepositoryVM */,
			);
			name = ViewModels;
			sourceTree = "<group>";
		};
		212806541E0FED5C0044D3D4 /* GitHubSearchRepositoryVM */ = {
			isa = PBXGroup;
			children = (
				212806531E0FED4E0044D3D4 /* IGitHubSearchRepositoryViewModel.h */,
				212806551E0FEDA40044D3D4 /* GitHubSearchRepositoryViewModel.h */,
				212806561E0FEDA40044D3D4 /* GitHubSearchRepositoryViewModel.m */,
			);
			name = GitHubSearchRepositoryVM;
			sourceTree = "<group>";
		};
		2128065A1E0FEEBD0044D3D4 /* Tetris */ = {
			isa = PBXGroup;
			children = (
				2128064B1E0FEC780044D3D4 /* Tetris1-29.json */,
			);
			name = Tetris;
			sourceTree = "<group>";
		};
		217481881E0F248400A05928 /* Views */ = {
			isa = PBXGroup;
			children = (
				2174819C1E0F35A600A05928 /* GitHubSearchRepository */,
			);
			name = Views;
			sourceTree = "<group>";
		};
		2174819C1E0F35A600A05928 /* GitHubSearchRepository */ = {
			isa = PBXGroup;
			children = (
				2174819D1E0F35B600A05928 /* Cell */,
				218C68661E0EC44E00BA844E /* GitHubSearchRepositoryVC.h */,
				218C68671E0EC44E00BA844E /* GitHubSearchRepositoryVC.m */,
			);
			name = GitHubSearchRepository;
			sourceTree = "<group>";
		};
		2174819D1E0F35B600A05928 /* Cell */ = {
			isa = PBXGroup;
			children = (
				217481951E0F319C00A05928 /* GitHubSearchRepositoryItem.h */,
				217481961E0F319C00A05928 /* GitHubSearchRepositoryItem.m */,
				217481971E0F319C00A05928 /* GitHubSearchRepositoryItem.xib */,
			);
			name = Cell;
			sourceTree = "<group>";
		};
		218AEC4A1E0EED81005D1600 /* Deployment */ = {
			isa = PBXGroup;
			children = (
				218C68901E0EC97000BA844E /* Podfile */,
				218AEC491E0EED7A005D1600 /* Cartfile */,
			);
			name = Deployment;
			sourceTree = "<group>";
		};
		218AEC4B1E0EF509005D1600 /* External */ = {
			isa = PBXGroup;
			children = (
				218AEC4C1E0EF511005D1600 /* IGListKit */,
			);
			name = External;
			sourceTree = "<group>";
		};
		218AEC4C1E0EF511005D1600 /* IGListKit */ = {
			isa = PBXGroup;
			children = (
				218AEC4D1E0EF550005D1600 /* IGListKit.xcodeproj */,
			);
			name = IGListKit;
			sourceTree = "<group>";
		};
		218AEC4E1E0EF550005D1600 /* Products */ = {
			isa = PBXGroup;
			children = (
				218AEC571E0EF550005D1600 /* IGListKit.framework */,
				218AEC591E0EF550005D1600 /* IGListKitTests.xctest */,
				218AEC5B1E0EF550005D1600 /* IGListKit.framework */,
				218AEC5D1E0EF550005D1600 /* IGListKit-tvOSTests.xctest */,
				218AEC5F1E0EF550005D1600 /* IGListKit.framework */,
				218AEC611E0EF550005D1600 /* IGListKit-macOSTests.xctest */,
			);
			name = Products;
			sourceTree = "<group>";
		};
		218AEC651E0F0FCC005D1600 /* Models */ = {
			isa = PBXGroup;
			children = (
				218AEC661E0F10A4005D1600 /* GitHubUser.h */,
				218AEC671E0F10A4005D1600 /* GitHubUser.m */,
				218AEC6B1E0F1BD8005D1600 /* GitHubRepository.h */,
				218AEC6C1E0F1BD8005D1600 /* GitHubRepository.m */,
			);
			name = Models;
			sourceTree = "<group>";
		};
		218C68541E0EC44E00BA844E = {
			isa = PBXGroup;
			children = (
				218AEC4B1E0EF509005D1600 /* External */,
				218C685F1E0EC44E00BA844E /* IGListNetworkSample */,
				218C68761E0EC44E00BA844E /* IGListNetworkSampleTests */,
				218C68811E0EC44E00BA844E /* IGListNetworkSampleUITests */,
				218AEC4A1E0EED81005D1600 /* Deployment */,
				218C685E1E0EC44E00BA844E /* Products */,
			);
			sourceTree = "<group>";
		};
		218C685E1E0EC44E00BA844E /* Products */ = {
			isa = PBXGroup;
			children = (
				218C685D1E0EC44E00BA844E /* IGListNetworkSample.app */,
				218C68731E0EC44E00BA844E /* IGListNetworkSampleTests.xctest */,
				218C687E1E0EC44E00BA844E /* IGListNetworkSampleUITests.xctest */,
			);
			name = Products;
			sourceTree = "<group>";
		};
		218C685F1E0EC44E00BA844E /* IGListNetworkSample */ = {
			isa = PBXGroup;
			children = (
				211A9B501E112D4D00E689B0 /* Coordinator */,
				212806521E0FECE50044D3D4 /* ViewModels */,
				218AEC651E0F0FCC005D1600 /* Models */,
				217481881E0F248400A05928 /* Views */,
				218C68691E0EC44E00BA844E /* Assets.xcassets */,
				218C686B1E0EC44E00BA844E /* Main.storyboard */,
				218C68601E0EC44E00BA844E /* AppDelegate.h */,
				218C68611E0EC44E00BA844E /* AppDelegate.m */,
				218C686E1E0EC44E00BA844E /* Info.plist */,
				218C68631E0EC44E00BA844E /* Supporting Files */,
			);
			path = IGListNetworkSample;
			sourceTree = "<group>";
		};
		218C68631E0EC44E00BA844E /* Supporting Files */ = {
			isa = PBXGroup;
			children = (
				218C68641E0EC44E00BA844E /* main.m */,
				2128065A1E0FEEBD0044D3D4 /* Tetris */,
			);
			name = "Supporting Files";
			sourceTree = "<group>";
		};
		218C68761E0EC44E00BA844E /* IGListNetworkSampleTests */ = {
			isa = PBXGroup;
			children = (
				218C68771E0EC44E00BA844E /* IGListNetworkSampleTests.m */,
				218C68791E0EC44E00BA844E /* Info.plist */,
			);
			path = IGListNetworkSampleTests;
			sourceTree = "<group>";
		};
		218C68811E0EC44E00BA844E /* IGListNetworkSampleUITests */ = {
			isa = PBXGroup;
			children = (
				218C68821E0EC44E00BA844E /* IGListNetworkSampleUITests.m */,
				218C68841E0EC44E00BA844E /* Info.plist */,
			);
			path = IGListNetworkSampleUITests;
			sourceTree = "<group>";
		};
/* End PBXGroup section */

/* Begin PBXNativeTarget section */
		218C685C1E0EC44E00BA844E /* IGListNetworkSample */ = {
			isa = PBXNativeTarget;
			buildConfigurationList = 218C68871E0EC44E00BA844E /* Build configuration list for PBXNativeTarget "IGListNetworkSample" */;
			buildPhases = (
				218C68591E0EC44E00BA844E /* Sources */,
				218C685A1E0EC44E00BA844E /* Frameworks */,
				218C685B1E0EC44E00BA844E /* Resources */,
			);
			buildRules = (
			);
			dependencies = (
				218AEC631E0EF56C005D1600 /* PBXTargetDependency */,
			);
			name = IGListNetworkSample;
			productName = IGListNetworkSample;
			productReference = 218C685D1E0EC44E00BA844E /* IGListNetworkSample.app */;
			productType = "com.apple.product-type.application";
		};
		218C68721E0EC44E00BA844E /* IGListNetworkSampleTests */ = {
			isa = PBXNativeTarget;
			buildConfigurationList = 218C688A1E0EC44E00BA844E /* Build configuration list for PBXNativeTarget "IGListNetworkSampleTests" */;
			buildPhases = (
				218C686F1E0EC44E00BA844E /* Sources */,
				218C68701E0EC44E00BA844E /* Frameworks */,
				218C68711E0EC44E00BA844E /* Resources */,
			);
			buildRules = (
			);
			dependencies = (
				218C68751E0EC44E00BA844E /* PBXTargetDependency */,
			);
			name = IGListNetworkSampleTests;
			productName = IGListNetworkSampleTests;
			productReference = 218C68731E0EC44E00BA844E /* IGListNetworkSampleTests.xctest */;
			productType = "com.apple.product-type.bundle.unit-test";
		};
		218C687D1E0EC44E00BA844E /* IGListNetworkSampleUITests */ = {
			isa = PBXNativeTarget;
			buildConfigurationList = 218C688D1E0EC44E00BA844E /* Build configuration list for PBXNativeTarget "IGListNetworkSampleUITests" */;
			buildPhases = (
				218C687A1E0EC44E00BA844E /* Sources */,
				218C687B1E0EC44E00BA844E /* Frameworks */,
				218C687C1E0EC44E00BA844E /* Resources */,
			);
			buildRules = (
			);
			dependencies = (
				218C68801E0EC44E00BA844E /* PBXTargetDependency */,
			);
			name = IGListNetworkSampleUITests;
			productName = IGListNetworkSampleUITests;
			productReference = 218C687E1E0EC44E00BA844E /* IGListNetworkSampleUITests.xctest */;
			productType = "com.apple.product-type.bundle.ui-testing";
		};
/* End PBXNativeTarget section */

/* Begin PBXProject section */
		218C68551E0EC44E00BA844E /* Project object */ = {
			isa = PBXProject;
			attributes = {
				LastUpgradeCheck = 0820;
				ORGANIZATIONNAME = "Siarhei Yakushevich";
				TargetAttributes = {
					218C685C1E0EC44E00BA844E = {
						CreatedOnToolsVersion = 8.2;
						DevelopmentTeam = 44P2L32FL4;
						ProvisioningStyle = Automatic;
					};
					218C68721E0EC44E00BA844E = {
						CreatedOnToolsVersion = 8.2;
						DevelopmentTeam = 44P2L32FL4;
						ProvisioningStyle = Automatic;
						TestTargetID = 218C685C1E0EC44E00BA844E;
					};
					218C687D1E0EC44E00BA844E = {
						CreatedOnToolsVersion = 8.2;
						DevelopmentTeam = 44P2L32FL4;
						ProvisioningStyle = Automatic;
						TestTargetID = 218C685C1E0EC44E00BA844E;
					};
				};
			};
			buildConfigurationList = 218C68581E0EC44E00BA844E /* Build configuration list for PBXProject "IGListNetworkSample" */;
			compatibilityVersion = "Xcode 3.2";
			developmentRegion = English;
			hasScannedForEncodings = 0;
			knownRegions = (
				en,
				Base,
			);
			mainGroup = 218C68541E0EC44E00BA844E;
			productRefGroup = 218C685E1E0EC44E00BA844E /* Products */;
			projectDirPath = "";
			projectReferences = (
				{
					ProductGroup = 218AEC4E1E0EF550005D1600 /* Products */;
					ProjectRef = 218AEC4D1E0EF550005D1600 /* IGListKit.xcodeproj */;
				},
			);
			projectRoot = "";
			targets = (
				218C685C1E0EC44E00BA844E /* IGListNetworkSample */,
				218C68721E0EC44E00BA844E /* IGListNetworkSampleTests */,
				218C687D1E0EC44E00BA844E /* IGListNetworkSampleUITests */,
			);
		};
/* End PBXProject section */

/* Begin PBXReferenceProxy section */
		218AEC571E0EF550005D1600 /* IGListKit.framework */ = {
			isa = PBXReferenceProxy;
			fileType = wrapper.framework;
			path = IGListKit.framework;
			remoteRef = 218AEC561E0EF550005D1600 /* PBXContainerItemProxy */;
			sourceTree = BUILT_PRODUCTS_DIR;
		};
		218AEC591E0EF550005D1600 /* IGListKitTests.xctest */ = {
			isa = PBXReferenceProxy;
			fileType = wrapper.cfbundle;
			path = IGListKitTests.xctest;
			remoteRef = 218AEC581E0EF550005D1600 /* PBXContainerItemProxy */;
			sourceTree = BUILT_PRODUCTS_DIR;
		};
		218AEC5B1E0EF550005D1600 /* IGListKit.framework */ = {
			isa = PBXReferenceProxy;
			fileType = wrapper.framework;
			path = IGListKit.framework;
			remoteRef = 218AEC5A1E0EF550005D1600 /* PBXContainerItemProxy */;
			sourceTree = BUILT_PRODUCTS_DIR;
		};
		218AEC5D1E0EF550005D1600 /* IGListKit-tvOSTests.xctest */ = {
			isa = PBXReferenceProxy;
			fileType = wrapper.cfbundle;
			path = "IGListKit-tvOSTests.xctest";
			remoteRef = 218AEC5C1E0EF550005D1600 /* PBXContainerItemProxy */;
			sourceTree = BUILT_PRODUCTS_DIR;
		};
		218AEC5F1E0EF550005D1600 /* IGListKit.framework */ = {
			isa = PBXReferenceProxy;
			fileType = wrapper.framework;
			path = IGListKit.framework;
			remoteRef = 218AEC5E1E0EF550005D1600 /* PBXContainerItemProxy */;
			sourceTree = BUILT_PRODUCTS_DIR;
		};
		218AEC611E0EF550005D1600 /* IGListKit-macOSTests.xctest */ = {
			isa = PBXReferenceProxy;
			fileType = wrapper.cfbundle;
			path = "IGListKit-macOSTests.xctest";
			remoteRef = 218AEC601E0EF550005D1600 /* PBXContainerItemProxy */;
			sourceTree = BUILT_PRODUCTS_DIR;
		};
/* End PBXReferenceProxy section */

/* Begin PBXResourcesBuildPhase section */
		218C685B1E0EC44E00BA844E /* Resources */ = {
			isa = PBXResourcesBuildPhase;
			buildActionMask = 2147483647;
			files = (
				218C686A1E0EC44E00BA844E /* Assets.xcassets in Resources */,
				218C686D1E0EC44E00BA844E /* Main.storyboard in Resources */,
				2128064C1E0FEC780044D3D4 /* Tetris1-29.json in Resources */,
				2174819A1E0F319C00A05928 /* GitHubSearchRepositoryItem.xib in Resources */,
			);
			runOnlyForDeploymentPostprocessing = 0;
		};
		218C68711E0EC44E00BA844E /* Resources */ = {
			isa = PBXResourcesBuildPhase;
			buildActionMask = 2147483647;
			files = (
			);
			runOnlyForDeploymentPostprocessing = 0;
		};
		218C687C1E0EC44E00BA844E /* Resources */ = {
			isa = PBXResourcesBuildPhase;
			buildActionMask = 2147483647;
			files = (
				2174819B1E0F319C00A05928 /* GitHubSearchRepositoryItem.xib in Resources */,
			);
			runOnlyForDeploymentPostprocessing = 0;
		};
/* End PBXResourcesBuildPhase section */

/* Begin PBXSourcesBuildPhase section */
		218C68591E0EC44E00BA844E /* Sources */ = {
			isa = PBXSourcesBuildPhase;
			buildActionMask = 2147483647;
			files = (
				218AEC681E0F10A4005D1600 /* GitHubUser.m in Sources */,
				218C68681E0EC44E00BA844E /* GitHubSearchRepositoryVC.m in Sources */,
				218C68651E0EC44E00BA844E /* main.m in Sources */,
				218C68621E0EC44E00BA844E /* AppDelegate.m in Sources */,
				211A9B581E112F5000E689B0 /* Coordinator.m in Sources */,
				218AEC6D1E0F1BD8005D1600 /* GitHubRepository.m in Sources */,
				217481981E0F319C00A05928 /* GitHubSearchRepositoryItem.m in Sources */,
				212806571E0FEDA40044D3D4 /* GitHubSearchRepositoryViewModel.m in Sources */,
			);
			runOnlyForDeploymentPostprocessing = 0;
		};
		218C686F1E0EC44E00BA844E /* Sources */ = {
			isa = PBXSourcesBuildPhase;
			buildActionMask = 2147483647;
			files = (
				218AEC691E0F10A4005D1600 /* GitHubUser.m in Sources */,
				218C68781E0EC44E00BA844E /* IGListNetworkSampleTests.m in Sources */,
				218AEC6E1E0F1BD8005D1600 /* GitHubRepository.m in Sources */,
				211A9B591E112F5000E689B0 /* Coordinator.m in Sources */,
				212806581E0FEDA40044D3D4 /* GitHubSearchRepositoryViewModel.m in Sources */,
			);
			runOnlyForDeploymentPostprocessing = 0;
		};
		218C687A1E0EC44E00BA844E /* Sources */ = {
			isa = PBXSourcesBuildPhase;
			buildActionMask = 2147483647;
			files = (
				211A9B5A1E112F5000E689B0 /* Coordinator.m in Sources */,
				218AEC6A1E0F10A4005D1600 /* GitHubUser.m in Sources */,
				212806591E0FEDA40044D3D4 /* GitHubSearchRepositoryViewModel.m in Sources */,
				218C68831E0EC44E00BA844E /* IGListNetworkSampleUITests.m in Sources */,
				218AEC6F1E0F1BD8005D1600 /* GitHubRepository.m in Sources */,
				217481991E0F319C00A05928 /* GitHubSearchRepositoryItem.m in Sources */,
			);
			runOnlyForDeploymentPostprocessing = 0;
		};
/* End PBXSourcesBuildPhase section */

/* Begin PBXTargetDependency section */
		218AEC631E0EF56C005D1600 /* PBXTargetDependency */ = {
			isa = PBXTargetDependency;
			name = "IGListKit-macOS";
			targetProxy = 218AEC621E0EF56C005D1600 /* PBXContainerItemProxy */;
		};
		218C68751E0EC44E00BA844E /* PBXTargetDependency */ = {
			isa = PBXTargetDependency;
			target = 218C685C1E0EC44E00BA844E /* IGListNetworkSample */;
			targetProxy = 218C68741E0EC44E00BA844E /* PBXContainerItemProxy */;
		};
		218C68801E0EC44E00BA844E /* PBXTargetDependency */ = {
			isa = PBXTargetDependency;
			target = 218C685C1E0EC44E00BA844E /* IGListNetworkSample */;
			targetProxy = 218C687F1E0EC44E00BA844E /* PBXContainerItemProxy */;
		};
/* End PBXTargetDependency section */

/* Begin PBXVariantGroup section */
		218C686B1E0EC44E00BA844E /* Main.storyboard */ = {
			isa = PBXVariantGroup;
			children = (
				218C686C1E0EC44E00BA844E /* Base */,
			);
			name = Main.storyboard;
			sourceTree = "<group>";
		};
/* End PBXVariantGroup section */

/* Begin XCBuildConfiguration section */
		218C68851E0EC44E00BA844E /* Debug */ = {
			isa = XCBuildConfiguration;
			buildSettings = {
				ALWAYS_SEARCH_USER_PATHS = NO;
				CLANG_ANALYZER_NONNULL = YES;
				CLANG_CXX_LANGUAGE_STANDARD = "gnu++0x";
				CLANG_CXX_LIBRARY = "libc++";
				CLANG_ENABLE_MODULES = YES;
				CLANG_ENABLE_OBJC_ARC = YES;
				CLANG_WARN_BOOL_CONVERSION = YES;
				CLANG_WARN_CONSTANT_CONVERSION = YES;
				CLANG_WARN_DIRECT_OBJC_ISA_USAGE = YES_ERROR;
				CLANG_WARN_DOCUMENTATION_COMMENTS = YES;
				CLANG_WARN_EMPTY_BODY = YES;
				CLANG_WARN_ENUM_CONVERSION = YES;
				CLANG_WARN_INFINITE_RECURSION = YES;
				CLANG_WARN_INT_CONVERSION = YES;
				CLANG_WARN_OBJC_ROOT_CLASS = YES_ERROR;
				CLANG_WARN_SUSPICIOUS_MOVE = YES;
				CLANG_WARN_UNREACHABLE_CODE = YES;
				CLANG_WARN__DUPLICATE_METHOD_MATCH = YES;
				CODE_SIGN_IDENTITY = "-";
				COPY_PHASE_STRIP = NO;
				DEBUG_INFORMATION_FORMAT = dwarf;
				ENABLE_STRICT_OBJC_MSGSEND = YES;
				ENABLE_TESTABILITY = YES;
				GCC_C_LANGUAGE_STANDARD = gnu99;
				GCC_DYNAMIC_NO_PIC = NO;
				GCC_NO_COMMON_BLOCKS = YES;
				GCC_OPTIMIZATION_LEVEL = 0;
				GCC_PREPROCESSOR_DEFINITIONS = (
					"DEBUG=1",
					"$(inherited)",
				);
				GCC_WARN_64_TO_32_BIT_CONVERSION = YES;
				GCC_WARN_ABOUT_RETURN_TYPE = YES_ERROR;
				GCC_WARN_UNDECLARED_SELECTOR = YES;
				GCC_WARN_UNINITIALIZED_AUTOS = YES_AGGRESSIVE;
				GCC_WARN_UNUSED_FUNCTION = YES;
				GCC_WARN_UNUSED_VARIABLE = YES;
				MACOSX_DEPLOYMENT_TARGET = 10.12;
				MTL_ENABLE_DEBUG_INFO = YES;
				ONLY_ACTIVE_ARCH = YES;
				SDKROOT = macosx;
			};
			name = Debug;
		};
		218C68861E0EC44E00BA844E /* Release */ = {
			isa = XCBuildConfiguration;
			buildSettings = {
				ALWAYS_SEARCH_USER_PATHS = NO;
				CLANG_ANALYZER_NONNULL = YES;
				CLANG_CXX_LANGUAGE_STANDARD = "gnu++0x";
				CLANG_CXX_LIBRARY = "libc++";
				CLANG_ENABLE_MODULES = YES;
				CLANG_ENABLE_OBJC_ARC = YES;
				CLANG_WARN_BOOL_CONVERSION = YES;
				CLANG_WARN_CONSTANT_CONVERSION = YES;
				CLANG_WARN_DIRECT_OBJC_ISA_USAGE = YES_ERROR;
				CLANG_WARN_DOCUMENTATION_COMMENTS = YES;
				CLANG_WARN_EMPTY_BODY = YES;
				CLANG_WARN_ENUM_CONVERSION = YES;
				CLANG_WARN_INFINITE_RECURSION = YES;
				CLANG_WARN_INT_CONVERSION = YES;
				CLANG_WARN_OBJC_ROOT_CLASS = YES_ERROR;
				CLANG_WARN_SUSPICIOUS_MOVE = YES;
				CLANG_WARN_UNREACHABLE_CODE = YES;
				CLANG_WARN__DUPLICATE_METHOD_MATCH = YES;
				CODE_SIGN_IDENTITY = "-";
				COPY_PHASE_STRIP = NO;
				DEBUG_INFORMATION_FORMAT = "dwarf-with-dsym";
				ENABLE_NS_ASSERTIONS = NO;
				ENABLE_STRICT_OBJC_MSGSEND = YES;
				GCC_C_LANGUAGE_STANDARD = gnu99;
				GCC_NO_COMMON_BLOCKS = YES;
				GCC_WARN_64_TO_32_BIT_CONVERSION = YES;
				GCC_WARN_ABOUT_RETURN_TYPE = YES_ERROR;
				GCC_WARN_UNDECLARED_SELECTOR = YES;
				GCC_WARN_UNINITIALIZED_AUTOS = YES_AGGRESSIVE;
				GCC_WARN_UNUSED_FUNCTION = YES;
				GCC_WARN_UNUSED_VARIABLE = YES;
				MACOSX_DEPLOYMENT_TARGET = 10.12;
				MTL_ENABLE_DEBUG_INFO = NO;
				SDKROOT = macosx;
			};
			name = Release;
		};
		218C68881E0EC44E00BA844E /* Debug */ = {
			isa = XCBuildConfiguration;
			buildSettings = {
				ASSETCATALOG_COMPILER_APPICON_NAME = AppIcon;
				COMBINE_HIDPI_IMAGES = YES;
				DEVELOPMENT_TEAM = 44P2L32FL4;
				INFOPLIST_FILE = IGListNetworkSample/Info.plist;
				LD_RUNPATH_SEARCH_PATHS = "$(inherited) @executable_path/../Frameworks";
				MACOSX_DEPLOYMENT_TARGET = 10.8;
				PRODUCT_BUNDLE_IDENTIFIER = com.sy.IGListNetworkSample;
				PRODUCT_NAME = "$(TARGET_NAME)";
			};
			name = Debug;
		};
		218C68891E0EC44E00BA844E /* Release */ = {
			isa = XCBuildConfiguration;
			buildSettings = {
				ASSETCATALOG_COMPILER_APPICON_NAME = AppIcon;
				COMBINE_HIDPI_IMAGES = YES;
				DEVELOPMENT_TEAM = 44P2L32FL4;
				INFOPLIST_FILE = IGListNetworkSample/Info.plist;
				LD_RUNPATH_SEARCH_PATHS = "$(inherited) @executable_path/../Frameworks";
				MACOSX_DEPLOYMENT_TARGET = 10.8;
				PRODUCT_BUNDLE_IDENTIFIER = com.sy.IGListNetworkSample;
				PRODUCT_NAME = "$(TARGET_NAME)";
			};
			name = Release;
		};
		218C688B1E0EC44E00BA844E /* Debug */ = {
			isa = XCBuildConfiguration;
			buildSettings = {
				BUNDLE_LOADER = "$(TEST_HOST)";
				COMBINE_HIDPI_IMAGES = YES;
				DEVELOPMENT_TEAM = 44P2L32FL4;
				INFOPLIST_FILE = IGListNetworkSampleTests/Info.plist;
				LD_RUNPATH_SEARCH_PATHS = "$(inherited) @executable_path/../Frameworks @loader_path/../Frameworks";
				PRODUCT_BUNDLE_IDENTIFIER = com.sy.IGListNetworkSampleTests;
				PRODUCT_NAME = "$(TARGET_NAME)";
				TEST_HOST = "$(BUILT_PRODUCTS_DIR)/IGListNetworkSample.app/Contents/MacOS/IGListNetworkSample";
			};
			name = Debug;
		};
		218C688C1E0EC44E00BA844E /* Release */ = {
			isa = XCBuildConfiguration;
			buildSettings = {
				BUNDLE_LOADER = "$(TEST_HOST)";
				COMBINE_HIDPI_IMAGES = YES;
				DEVELOPMENT_TEAM = 44P2L32FL4;
				INFOPLIST_FILE = IGListNetworkSampleTests/Info.plist;
				LD_RUNPATH_SEARCH_PATHS = "$(inherited) @executable_path/../Frameworks @loader_path/../Frameworks";
				PRODUCT_BUNDLE_IDENTIFIER = com.sy.IGListNetworkSampleTests;
				PRODUCT_NAME = "$(TARGET_NAME)";
				TEST_HOST = "$(BUILT_PRODUCTS_DIR)/IGListNetworkSample.app/Contents/MacOS/IGListNetworkSample";
			};
			name = Release;
		};
		218C688E1E0EC44E00BA844E /* Debug */ = {
			isa = XCBuildConfiguration;
			buildSettings = {
				COMBINE_HIDPI_IMAGES = YES;
				DEVELOPMENT_TEAM = 44P2L32FL4;
				INFOPLIST_FILE = IGListNetworkSampleUITests/Info.plist;
				LD_RUNPATH_SEARCH_PATHS = "$(inherited) @executable_path/../Frameworks @loader_path/../Frameworks";
				PRODUCT_BUNDLE_IDENTIFIER = com.sy.IGListNetworkSampleUITests;
				PRODUCT_NAME = "$(TARGET_NAME)";
				TEST_TARGET_NAME = IGListNetworkSample;
			};
			name = Debug;
		};
		218C688F1E0EC44E00BA844E /* Release */ = {
			isa = XCBuildConfiguration;
			buildSettings = {
				COMBINE_HIDPI_IMAGES = YES;
				DEVELOPMENT_TEAM = 44P2L32FL4;
				INFOPLIST_FILE = IGListNetworkSampleUITests/Info.plist;
				LD_RUNPATH_SEARCH_PATHS = "$(inherited) @executable_path/../Frameworks @loader_path/../Frameworks";
				PRODUCT_BUNDLE_IDENTIFIER = com.sy.IGListNetworkSampleUITests;
				PRODUCT_NAME = "$(TARGET_NAME)";
				TEST_TARGET_NAME = IGListNetworkSample;
			};
			name = Release;
		};
/* End XCBuildConfiguration section */

/* Begin XCConfigurationList section */
		218C68581E0EC44E00BA844E /* Build configuration list for PBXProject "IGListNetworkSample" */ = {
			isa = XCConfigurationList;
			buildConfigurations = (
				218C68851E0EC44E00BA844E /* Debug */,
				218C68861E0EC44E00BA844E /* Release */,
			);
			defaultConfigurationIsVisible = 0;
			defaultConfigurationName = Release;
		};
		218C68871E0EC44E00BA844E /* Build configuration list for PBXNativeTarget "IGListNetworkSample" */ = {
			isa = XCConfigurationList;
			buildConfigurations = (
				218C68881E0EC44E00BA844E /* Debug */,
				218C68891E0EC44E00BA844E /* Release */,
			);
			defaultConfigurationIsVisible = 0;
			defaultConfigurationName = Release;
		};
		218C688A1E0EC44E00BA844E /* Build configuration list for PBXNativeTarget "IGListNetworkSampleTests" */ = {
			isa = XCConfigurationList;
			buildConfigurations = (
				218C688B1E0EC44E00BA844E /* Debug */,
				218C688C1E0EC44E00BA844E /* Release */,
			);
			defaultConfigurationIsVisible = 0;
			defaultConfigurationName = Release;
		};
		218C688D1E0EC44E00BA844E /* Build configuration list for PBXNativeTarget "IGListNetworkSampleUITests" */ = {
			isa = XCConfigurationList;
			buildConfigurations = (
				218C688E1E0EC44E00BA844E /* Debug */,
				218C688F1E0EC44E00BA844E /* Release */,
			);
			defaultConfigurationIsVisible = 0;
			defaultConfigurationName = Release;
		};
/* End XCConfigurationList section */
	};
	rootObject = 218C68551E0EC44E00BA844E /* Project object */;
}
